// !$*UTF8*$!
{
	archiveVersion = 1;
	classes = {
	};
	objectVersion = 56;
	objects = {

/* Begin PBXBuildFile section */
		BE70619A2B35F6E000D75B5A /* AppDelegate.swift in Sources */ = {isa = PBXBuildFile; fileRef = BE7061992B35F6E000D75B5A /* AppDelegate.swift */; };
		BE70619C2B35F6E000D75B5A /* SceneDelegate.swift in Sources */ = {isa = PBXBuildFile; fileRef = BE70619B2B35F6E000D75B5A /* SceneDelegate.swift */; };
		BE70619E2B35F6E000D75B5A /* ViewController.swift in Sources */ = {isa = PBXBuildFile; fileRef = BE70619D2B35F6E000D75B5A /* ViewController.swift */; };
		BE7061A12B35F6E000D75B5A /* Main.storyboard in Resources */ = {isa = PBXBuildFile; fileRef = BE70619F2B35F6E000D75B5A /* Main.storyboard */; };
		BE7061A32B35F6E100D75B5A /* Assets.xcassets in Resources */ = {isa = PBXBuildFile; fileRef = BE7061A22B35F6E100D75B5A /* Assets.xcassets */; };
		BE7061A62B35F6E100D75B5A /* LaunchScreen.storyboard in Resources */ = {isa = PBXBuildFile; fileRef = BE7061A42B35F6E100D75B5A /* LaunchScreen.storyboard */; };
		BE7061DC2B35F9F000D75B5A /* LoginPresenter.swift in Sources */ = {isa = PBXBuildFile; fileRef = BE7061D62B35F9F000D75B5A /* LoginPresenter.swift */; };
		BE7061DD2B35F9F000D75B5A /* LoginRouter.swift in Sources */ = {isa = PBXBuildFile; fileRef = BE7061D72B35F9F000D75B5A /* LoginRouter.swift */; };
		BE7061DE2B35F9F000D75B5A /* LoginViewController.swift in Sources */ = {isa = PBXBuildFile; fileRef = BE7061D82B35F9F000D75B5A /* LoginViewController.swift */; };
		BE7061DF2B35F9F000D75B5A /* LoginProtocols.swift in Sources */ = {isa = PBXBuildFile; fileRef = BE7061D92B35F9F000D75B5A /* LoginProtocols.swift */; };
		BE7061E02B35F9F000D75B5A /* LoginInteractor.swift in Sources */ = {isa = PBXBuildFile; fileRef = BE7061DA2B35F9F000D75B5A /* LoginInteractor.swift */; };
		BE7061E12B35F9F000D75B5A /* LoginViewController.xib in Resources */ = {isa = PBXBuildFile; fileRef = BE7061DB2B35F9F000D75B5A /* LoginViewController.xib */; };
/* End PBXBuildFile section */

/* Begin PBXFileReference section */
		BE7061962B35F6E000D75B5A /* swag.app */ = {isa = PBXFileReference; explicitFileType = wrapper.application; includeInIndex = 0; path = swag.app; sourceTree = BUILT_PRODUCTS_DIR; };
		BE7061992B35F6E000D75B5A /* AppDelegate.swift */ = {isa = PBXFileReference; lastKnownFileType = sourcecode.swift; path = AppDelegate.swift; sourceTree = "<group>"; };
		BE70619B2B35F6E000D75B5A /* SceneDelegate.swift */ = {isa = PBXFileReference; lastKnownFileType = sourcecode.swift; path = SceneDelegate.swift; sourceTree = "<group>"; };
		BE70619D2B35F6E000D75B5A /* ViewController.swift */ = {isa = PBXFileReference; lastKnownFileType = sourcecode.swift; path = ViewController.swift; sourceTree = "<group>"; };
		BE7061A02B35F6E000D75B5A /* Base */ = {isa = PBXFileReference; lastKnownFileType = file.storyboard; name = Base; path = Base.lproj/Main.storyboard; sourceTree = "<group>"; };
		BE7061A22B35F6E100D75B5A /* Assets.xcassets */ = {isa = PBXFileReference; lastKnownFileType = folder.assetcatalog; path = Assets.xcassets; sourceTree = "<group>"; };
		BE7061A52B35F6E100D75B5A /* Base */ = {isa = PBXFileReference; lastKnownFileType = file.storyboard; name = Base; path = Base.lproj/LaunchScreen.storyboard; sourceTree = "<group>"; };
		BE7061A72B35F6E100D75B5A /* Info.plist */ = {isa = PBXFileReference; lastKnownFileType = text.plist.xml; path = Info.plist; sourceTree = "<group>"; };
		BE7061D62B35F9F000D75B5A /* LoginPresenter.swift */ = {isa = PBXFileReference; lastKnownFileType = sourcecode.swift; path = LoginPresenter.swift; sourceTree = "<group>"; };
		BE7061D72B35F9F000D75B5A /* LoginRouter.swift */ = {isa = PBXFileReference; lastKnownFileType = sourcecode.swift; path = LoginRouter.swift; sourceTree = "<group>"; };
		BE7061D82B35F9F000D75B5A /* LoginViewController.swift */ = {isa = PBXFileReference; lastKnownFileType = sourcecode.swift; path = LoginViewController.swift; sourceTree = "<group>"; };
		BE7061D92B35F9F000D75B5A /* LoginProtocols.swift */ = {isa = PBXFileReference; lastKnownFileType = sourcecode.swift; path = LoginProtocols.swift; sourceTree = "<group>"; };
		BE7061DA2B35F9F000D75B5A /* LoginInteractor.swift */ = {isa = PBXFileReference; lastKnownFileType = sourcecode.swift; path = LoginInteractor.swift; sourceTree = "<group>"; };
		BE7061DB2B35F9F000D75B5A /* LoginViewController.xib */ = {isa = PBXFileReference; lastKnownFileType = file.xib; path = LoginViewController.xib; sourceTree = "<group>"; };
/* End PBXFileReference section */

/* Begin PBXFrameworksBuildPhase section */
		BE7061932B35F6E000D75B5A /* Frameworks */ = {
			isa = PBXFrameworksBuildPhase;
			buildActionMask = 2147483647;
			files = (
			);
			runOnlyForDeploymentPostprocessing = 0;
		};
/* End PBXFrameworksBuildPhase section */

/* Begin PBXGroup section */
		BE70618D2B35F6E000D75B5A = {
			isa = PBXGroup;
			children = (
				BE7061982B35F6E000D75B5A /* swag */,
				BE7061972B35F6E000D75B5A /* Products */,
			);
			sourceTree = "<group>";
		};
		BE7061972B35F6E000D75B5A /* Products */ = {
			isa = PBXGroup;
			children = (
				BE7061962B35F6E000D75B5A /* swag.app */,
			);
			name = Products;
			sourceTree = "<group>";
		};
		BE7061982B35F6E000D75B5A /* swag */ = {
			isa = PBXGroup;
			children = (
				BE7061D52B35F9C500D75B5A /* Modules */,
				BE7061992B35F6E000D75B5A /* AppDelegate.swift */,
				BE70619B2B35F6E000D75B5A /* SceneDelegate.swift */,
				BE70619D2B35F6E000D75B5A /* ViewController.swift */,
				BE70619F2B35F6E000D75B5A /* Main.storyboard */,
				BE7061A22B35F6E100D75B5A /* Assets.xcassets */,
				BE7061A42B35F6E100D75B5A /* LaunchScreen.storyboard */,
				BE7061A72B35F6E100D75B5A /* Info.plist */,
			);
			path = swag;
			sourceTree = "<group>";
		};
		BE7061D52B35F9C500D75B5A /* Modules */ = {
			isa = PBXGroup;
			children = (
				BE7061D62B35F9F000D75B5A /* LoginPresenter.swift */,
				BE7061D72B35F9F000D75B5A /* LoginRouter.swift */,
				BE7061D82B35F9F000D75B5A /* LoginViewController.swift */,
				BE7061D92B35F9F000D75B5A /* LoginProtocols.swift */,
				BE7061DA2B35F9F000D75B5A /* LoginInteractor.swift */,
				BE7061DB2B35F9F000D75B5A /* LoginViewController.xib */,
			);
			path = Modules;
			sourceTree = "<group>";
		};
/* End PBXGroup section */

/* Begin PBXNativeTarget section */
		BE7061952B35F6E000D75B5A /* swag */ = {
			isa = PBXNativeTarget;
			buildConfigurationList = BE7061AA2B35F6E100D75B5A /* Build configuration list for PBXNativeTarget "swag" */;
			buildPhases = (
				BE7061922B35F6E000D75B5A /* Sources */,
				BE7061932B35F6E000D75B5A /* Frameworks */,
				BE7061942B35F6E000D75B5A /* Resources */,
			);
			buildRules = (
			);
			dependencies = (
			);
			name = swag;
			productName = swag;
			productReference = BE7061962B35F6E000D75B5A /* swag.app */;
			productType = "com.apple.product-type.application";
		};
/* End PBXNativeTarget section */

/* Begin PBXProject section */
		BE70618E2B35F6E000D75B5A /* Project object */ = {
			isa = PBXProject;
			attributes = {
				BuildIndependentTargetsInParallel = 1;
				LastSwiftUpdateCheck = 1500;
				LastUpgradeCheck = 1500;
				TargetAttributes = {
					BE7061952B35F6E000D75B5A = {
						CreatedOnToolsVersion = 15.0.1;
					};
				};
			};
			buildConfigurationList = BE7061912B35F6E000D75B5A /* Build configuration list for PBXProject "swag" */;
			compatibilityVersion = "Xcode 14.0";
			developmentRegion = en;
			hasScannedForEncodings = 0;
			knownRegions = (
				en,
				Base,
			);
			mainGroup = BE70618D2B35F6E000D75B5A;
			productRefGroup = BE7061972B35F6E000D75B5A /* Products */;
			projectDirPath = "";
			projectRoot = "";
			targets = (
				BE7061952B35F6E000D75B5A /* swag */,
			);
		};
/* End PBXProject section */

/* Begin PBXResourcesBuildPhase section */
		BE7061942B35F6E000D75B5A /* Resources */ = {
			isa = PBXResourcesBuildPhase;
			buildActionMask = 2147483647;
			files = (
				BE7061E12B35F9F000D75B5A /* LoginViewController.xib in Resources */,
				BE7061A62B35F6E100D75B5A /* LaunchScreen.storyboard in Resources */,
				BE7061A32B35F6E100D75B5A /* Assets.xcassets in Resources */,
				BE7061A12B35F6E000D75B5A /* Main.storyboard in Resources */,
			);
			runOnlyForDeploymentPostprocessing = 0;
		};
/* End PBXResourcesBuildPhase section */

/* Begin PBXSourcesBuildPhase section */
		BE7061922B35F6E000D75B5A /* Sources */ = {
			isa = PBXSourcesBuildPhase;
			buildActionMask = 2147483647;
			files = (
				BE7061DE2B35F9F000D75B5A /* LoginViewController.swift in Sources */,
				BE7061DF2B35F9F000D75B5A /* LoginProtocols.swift in Sources */,
				BE7061DC2B35F9F000D75B5A /* LoginPresenter.swift in Sources */,
				BE70619E2B35F6E000D75B5A /* ViewController.swift in Sources */,
				BE7061E02B35F9F000D75B5A /* LoginInteractor.swift in Sources */,
				BE70619A2B35F6E000D75B5A /* AppDelegate.swift in Sources */,
				BE7061DD2B35F9F000D75B5A /* LoginRouter.swift in Sources */,
				BE70619C2B35F6E000D75B5A /* SceneDelegate.swift in Sources */,
			);
			runOnlyForDeploymentPostprocessing = 0;
		};
/* End PBXSourcesBuildPhase section */

/* Begin PBXVariantGroup section */
		BE70619F2B35F6E000D75B5A /* Main.storyboard */ = {
			isa = PBXVariantGroup;
			children = (
				BE7061A02B35F6E000D75B5A /* Base */,
			);
			name = Main.storyboard;
			sourceTree = "<group>";
		};
		BE7061A42B35F6E100D75B5A /* LaunchScreen.storyboard */ = {
			isa = PBXVariantGroup;
			children = (
				BE7061A52B35F6E100D75B5A /* Base */,
			);
			name = LaunchScreen.storyboard;
			sourceTree = "<group>";
		};
/* End PBXVariantGroup section */

/* Begin XCBuildConfiguration section */
		BE7061A82B35F6E100D75B5A /* Debug */ = {
			isa = XCBuildConfiguration;
			buildSettings = {
				ALWAYS_SEARCH_USER_PATHS = NO;
				ASSETCATALOG_COMPILER_GENERATE_SWIFT_ASSET_SYMBOL_EXTENSIONS = YES;
				CLANG_ANALYZER_NONNULL = YES;
				CLANG_ANALYZER_NUMBER_OBJECT_CONVERSION = YES_AGGRESSIVE;
				CLANG_CXX_LANGUAGE_STANDARD = "gnu++20";
				CLANG_ENABLE_MODULES = YES;
				CLANG_ENABLE_OBJC_ARC = YES;
				CLANG_ENABLE_OBJC_WEAK = YES;
				CLANG_WARN_BLOCK_CAPTURE_AUTORELEASING = YES;
				CLANG_WARN_BOOL_CONVERSION = YES;
				CLANG_WARN_COMMA = YES;
				CLANG_WARN_CONSTANT_CONVERSION = YES;
				CLANG_WARN_DEPRECATED_OBJC_IMPLEMENTATIONS = YES;
				CLANG_WARN_DIRECT_OBJC_ISA_USAGE = YES_ERROR;
				CLANG_WARN_DOCUMENTATION_COMMENTS = YES;
				CLANG_WARN_EMPTY_BODY = YES;
				CLANG_WARN_ENUM_CONVERSION = YES;
				CLANG_WARN_INFINITE_RECURSION = YES;
				CLANG_WARN_INT_CONVERSION = YES;
				CLANG_WARN_NON_LITERAL_NULL_CONVERSION = YES;
				CLANG_WARN_OBJC_IMPLICIT_RETAIN_SELF = YES;
				CLANG_WARN_OBJC_LITERAL_CONVERSION = YES;
				CLANG_WARN_OBJC_ROOT_CLASS = YES_ERROR;
				CLANG_WARN_QUOTED_INCLUDE_IN_FRAMEWORK_HEADER = YES;
				CLANG_WARN_RANGE_LOOP_ANALYSIS = YES;
				CLANG_WARN_STRICT_PROTOTYPES = YES;
				CLANG_WARN_SUSPICIOUS_MOVE = YES;
				CLANG_WARN_UNGUARDED_AVAILABILITY = YES_AGGRESSIVE;
				CLANG_WARN_UNREACHABLE_CODE = YES;
				CLANG_WARN__DUPLICATE_METHOD_MATCH = YES;
				COPY_PHASE_STRIP = NO;
				DEBUG_INFORMATION_FORMAT = dwarf;
				ENABLE_STRICT_OBJC_MSGSEND = YES;
				ENABLE_TESTABILITY = YES;
				ENABLE_USER_SCRIPT_SANDBOXING = YES;
				GCC_C_LANGUAGE_STANDARD = gnu17;
				GCC_DYNAMIC_NO_PIC = NO;
				GCC_NO_COMMON_BLOCKS = YES;
				GCC_OPTIMIZATION_LEVEL = 0;
				GCC_PREPROCESSOR_DEFINITIONS = (
					"DEBUG=1",
					"$(inherited)",
				);
				GCC_WARN_64_TO_32_BIT_CONVERSION = YES;
				GCC_WARN_ABOUT_RETURN_TYPE = YES_ERROR;
				GCC_WARN_UNDECLARED_SELECTOR = YES;
				GCC_WARN_UNINITIALIZED_AUTOS = YES_AGGRESSIVE;
				GCC_WARN_UNUSED_FUNCTION = YES;
				GCC_WARN_UNUSED_VARIABLE = YES;
				IPHONEOS_DEPLOYMENT_TARGET = 17.0;
				LOCALIZATION_PREFERS_STRING_CATALOGS = YES;
				MTL_ENABLE_DEBUG_INFO = INCLUDE_SOURCE;
				MTL_FAST_MATH = YES;
				ONLY_ACTIVE_ARCH = YES;
				SDKROOT = iphoneos;
				SWIFT_ACTIVE_COMPILATION_CONDITIONS = "DEBUG $(inherited)";
				SWIFT_OPTIMIZATION_LEVEL = "-Onone";
			};
			name = Debug;
		};
		BE7061A92B35F6E100D75B5A /* Release */ = {
			isa = XCBuildConfiguration;
			buildSettings = {
				ALWAYS_SEARCH_USER_PATHS = NO;
				ASSETCATALOG_COMPILER_GENERATE_SWIFT_ASSET_SYMBOL_EXTENSIONS = YES;
				CLANG_ANALYZER_NONNULL = YES;
				CLANG_ANALYZER_NUMBER_OBJECT_CONVERSION = YES_AGGRESSIVE;
				CLANG_CXX_LANGUAGE_STANDARD = "gnu++20";
				CLANG_ENABLE_MODULES = YES;
				CLANG_ENABLE_OBJC_ARC = YES;
				CLANG_ENABLE_OBJC_WEAK = YES;
				CLANG_WARN_BLOCK_CAPTURE_AUTORELEASING = YES;
				CLANG_WARN_BOOL_CONVERSION = YES;
				CLANG_WARN_COMMA = YES;
				CLANG_WARN_CONSTANT_CONVERSION = YES;
				CLANG_WARN_DEPRECATED_OBJC_IMPLEMENTATIONS = YES;
				CLANG_WARN_DIRECT_OBJC_ISA_USAGE = YES_ERROR;
				CLANG_WARN_DOCUMENTATION_COMMENTS = YES;
				CLANG_WARN_EMPTY_BODY = YES;
				CLANG_WARN_ENUM_CONVERSION = YES;
				CLANG_WARN_INFINITE_RECURSION = YES;
				CLANG_WARN_INT_CONVERSION = YES;
				CLANG_WARN_NON_LITERAL_NULL_CONVERSION = YES;
				CLANG_WARN_OBJC_IMPLICIT_RETAIN_SELF = YES;
				CLANG_WARN_OBJC_LITERAL_CONVERSION = YES;
				CLANG_WARN_OBJC_ROOT_CLASS = YES_ERROR;
				CLANG_WARN_QUOTED_INCLUDE_IN_FRAMEWORK_HEADER = YES;
				CLANG_WARN_RANGE_LOOP_ANALYSIS = YES;
				CLANG_WARN_STRICT_PROTOTYPES = YES;
				CLANG_WARN_SUSPICIOUS_MOVE = YES;
				CLANG_WARN_UNGUARDED_AVAILABILITY = YES_AGGRESSIVE;
				CLANG_WARN_UNREACHABLE_CODE = YES;
				CLANG_WARN__DUPLICATE_METHOD_MATCH = YES;
				COPY_PHASE_STRIP = NO;
				DEBUG_INFORMATION_FORMAT = "dwarf-with-dsym";
				ENABLE_NS_ASSERTIONS = NO;
				ENABLE_STRICT_OBJC_MSGSEND = YES;
				ENABLE_USER_SCRIPT_SANDBOXING = YES;
				GCC_C_LANGUAGE_STANDARD = gnu17;
				GCC_NO_COMMON_BLOCKS = YES;
				GCC_WARN_64_TO_32_BIT_CONVERSION = YES;
				GCC_WARN_ABOUT_RETURN_TYPE = YES_ERROR;
				GCC_WARN_UNDECLARED_SELECTOR = YES;
				GCC_WARN_UNINITIALIZED_AUTOS = YES_AGGRESSIVE;
				GCC_WARN_UNUSED_FUNCTION = YES;
				GCC_WARN_UNUSED_VARIABLE = YES;
				IPHONEOS_DEPLOYMENT_TARGET = 17.0;
				LOCALIZATION_PREFERS_STRING_CATALOGS = YES;
				MTL_ENABLE_DEBUG_INFO = NO;
				MTL_FAST_MATH = YES;
				SDKROOT = iphoneos;
				SWIFT_COMPILATION_MODE = wholemodule;
				VALIDATE_PRODUCT = YES;
			};
			name = Release;
		};
		BE7061AB2B35F6E100D75B5A /* Debug */ = {
			isa = XCBuildConfiguration;
			buildSettings = {
				ASSETCATALOG_COMPILER_APPICON_NAME = AppIcon;
				ASSETCATALOG_COMPILER_GLOBAL_ACCENT_COLOR_NAME = AccentColor;
				CODE_SIGN_STYLE = Automatic;
				CURRENT_PROJECT_VERSION = 1;
				DEVELOPMENT_TEAM = K82JX78JRB;
				GENERATE_INFOPLIST_FILE = YES;
				INFOPLIST_FILE = swag/Info.plist;
				INFOPLIST_KEY_UIApplicationSupportsIndirectInputEvents = YES;
				INFOPLIST_KEY_UILaunchStoryboardName = LaunchScreen;
				INFOPLIST_KEY_UIMainStoryboardFile = Main;
				INFOPLIST_KEY_UISupportedInterfaceOrientations_iPad = "UIInterfaceOrientationPortrait UIInterfaceOrientationPortraitUpsideDown UIInterfaceOrientationLandscapeLeft UIInterfaceOrientationLandscapeRight";
				INFOPLIST_KEY_UISupportedInterfaceOrientations_iPhone = "UIInterfaceOrientationPortrait UIInterfaceOrientationLandscapeLeft UIInterfaceOrientationLandscapeRight";
				LD_RUNPATH_SEARCH_PATHS = (
					"$(inherited)",
					"@executable_path/Frameworks",
				);
				MARKETING_VERSION = 1.0;
				PRODUCT_BUNDLE_IDENTIFIER = kardesseven.swag;
				PRODUCT_NAME = "$(TARGET_NAME)";
				SWIFT_EMIT_LOC_STRINGS = YES;
				SWIFT_VERSION = 5.0;
				TARGETED_DEVICE_FAMILY = "1,2";
			};
			name = Debug;
		};
		BE7061AC2B35F6E100D75B5A /* Release */ = {
			isa = XCBuildConfiguration;
			buildSettings = {
				ASSETCATALOG_COMPILER_APPICON_NAME = AppIcon;
				ASSETCATALOG_COMPILER_GLOBAL_ACCENT_COLOR_NAME = AccentColor;
				CODE_SIGN_STYLE = Automatic;
				CURRENT_PROJECT_VERSION = 1;
				DEVELOPMENT_TEAM = K82JX78JRB;
				GENERATE_INFOPLIST_FILE = YES;
				INFOPLIST_FILE = swag/Info.plist;
				INFOPLIST_KEY_UIApplicationSupportsIndirectInputEvents = YES;
				INFOPLIST_KEY_UILaunchStoryboardName = LaunchScreen;
				INFOPLIST_KEY_UIMainStoryboardFile = Main;
				INFOPLIST_KEY_UISupportedInterfaceOrientations_iPad = "UIInterfaceOrientationPortrait UIInterfaceOrientationPortraitUpsideDown UIInterfaceOrientationLandscapeLeft UIInterfaceOrientationLandscapeRight";
				INFOPLIST_KEY_UISupportedInterfaceOrientations_iPhone = "UIInterfaceOrientationPortrait UIInterfaceOrientationLandscapeLeft UIInterfaceOrientationLandscapeRight";
				LD_RUNPATH_SEARCH_PATHS = (
					"$(inherited)",
					"@executable_path/Frameworks",
				);
				MARKETING_VERSION = 1.0;
				PRODUCT_BUNDLE_IDENTIFIER = kardesseven.swag;
				PRODUCT_NAME = "$(TARGET_NAME)";
				SWIFT_EMIT_LOC_STRINGS = YES;
				SWIFT_VERSION = 5.0;
				TARGETED_DEVICE_FAMILY = "1,2";
			};
			name = Release;
		};
/* End XCBuildConfiguration section */

/* Begin XCConfigurationList section */
		BE7061912B35F6E000D75B5A /* Build configuration list for PBXProject "swag" */ = {
			isa = XCConfigurationList;
			buildConfigurations = (
				BE7061A82B35F6E100D75B5A /* Debug */,
				BE7061A92B35F6E100D75B5A /* Release */,
			);
			defaultConfigurationIsVisible = 0;
			defaultConfigurationName = Release;
		};
		BE7061AA2B35F6E100D75B5A /* Build configuration list for PBXNativeTarget "swag" */ = {
			isa = XCConfigurationList;
			buildConfigurations = (
				BE7061AB2B35F6E100D75B5A /* Debug */,
				BE7061AC2B35F6E100D75B5A /* Release */,
			);
			defaultConfigurationIsVisible = 0;
			defaultConfigurationName = Release;
		};
/* End XCConfigurationList section */
	};
	rootObject = BE70618E2B35F6E000D75B5A /* Project object */;
}
